
Microsoft Visual Studio Solution File, Format Version 12.00
# Visual Studio Version 16
VisualStudioVersion = 16.0.30804.86
MinimumVisualStudioVersion = 10.0.40219.1
Project("{FAE04EC0-301F-11D3-BF4B-00C04F79EFBC}") = "TextEditor2021", "TextEditor2021.csproj", "{ED08376A-CB3C-43F7-8A74-93AA06542DBD}"
EndProject
Global
	GlobalSection(SolutionConfigurationPlatforms) = preSolution
		Debug|Any CPU = Debug|Any CPU
		Release|Any CPU = Release|Any CPU
	EndGlobalSection
	GlobalSection(ProjectConfigurationPlatforms) = postSolution
		{ED08376A-CB3C-43F7-8A74-93AA06542DBD}.Debug|Any CPU.ActiveCfg = Debug|Any CPU
		{ED08376A-CB3C-43F7-8A74-93AA06542DBD}.Debug|Any CPU.Build.0 = Debug|Any CPU
		{ED08376A-CB3C-43F7-8A74-93AA06542DBD}.Release|Any CPU.ActiveCfg = Release|Any CPU
		{ED08376A-CB3C-43F7-8A74-93AA06542DBD}.Release|Any CPU.Build.0 = Release|Any CPU
	EndGlobalSection
	GlobalSection(SolutionProperties) = preSolution
		HideSolutionNode = FALSE
	EndGlobalSection
	GlobalSection(ExtensibilityGlobals) = postSolution
		SolutionGuid = {6DB3EDD9-BD49-46E9-ADED-B9CD2706F01D}
	EndGlobalSection
EndGlobal
